{
  "object": {
    "pins": [
      {
        "package": "CUnicorn",
        "repositoryURL": "/Users/vdka/Source/vdka/CUnicorn",
        "state": {
          "branch": "master",
          "revision": "790db6f421b7b09695f48ea8aa312b692f9296d4",
          "version": null
        }
      }
    ]
  },
  "version": 1
}
